
Microsoft Visual Studio Solution File, Format Version 11.00
# Visual Studio 2010
Project("{FAE04EC0-301F-11D3-BF4B-00C04F79EFBC}") = "FFXI_Unity3D", "Assembly-CSharp.csproj", "{975CAF13-EFC0-A4C4-33A4-37A0893481EE}"
EndProject
Project("{FAE04EC0-301F-11D3-BF4B-00C04F79EFBC}") = "FFXI_Unity3D", "Assembly-CSharp-Editor.csproj", "{70CB9936-2AFB-160E-F6AC-F79B0F6DC87C}"
EndProject
Global
	GlobalSection(SolutionConfigurationPlatforms) = preSolution
		Debug|Any CPU = Debug|Any CPU
		Release|Any CPU = Release|Any CPU
	EndGlobalSection
	GlobalSection(ProjectConfigurationPlatforms) = postSolution
		{975CAF13-EFC0-A4C4-33A4-37A0893481EE}.Debug|Any CPU.ActiveCfg = Debug|Any CPU
		{975CAF13-EFC0-A4C4-33A4-37A0893481EE}.Debug|Any CPU.Build.0 = Debug|Any CPU
		{975CAF13-EFC0-A4C4-33A4-37A0893481EE}.Release|Any CPU.ActiveCfg = Release|Any CPU
		{975CAF13-EFC0-A4C4-33A4-37A0893481EE}.Release|Any CPU.Build.0 = Release|Any CPU
		{70CB9936-2AFB-160E-F6AC-F79B0F6DC87C}.Debug|Any CPU.ActiveCfg = Debug|Any CPU
		{70CB9936-2AFB-160E-F6AC-F79B0F6DC87C}.Debug|Any CPU.Build.0 = Debug|Any CPU
		{70CB9936-2AFB-160E-F6AC-F79B0F6DC87C}.Release|Any CPU.ActiveCfg = Release|Any CPU
		{70CB9936-2AFB-160E-F6AC-F79B0F6DC87C}.Release|Any CPU.Build.0 = Release|Any CPU
	EndGlobalSection
	GlobalSection(SolutionProperties) = preSolution
		HideSolutionNode = FALSE
	EndGlobalSection
	GlobalSection(MonoDevelopProperties) = preSolution
		StartupItem = Assembly-CSharp.csproj
	EndGlobalSection
EndGlobal
